// !$*UTF8*$!
{
	archiveVersion = 1;
	classes = {
	};
	objectVersion = 55;
	objects = {

/* Begin PBXBuildFile section */
		CB11E4B229B5A43F0098F44D /* CipherProAppApp.swift in Sources */ = {isa = PBXBuildFile; fileRef = CB11E4B129B5A43F0098F44D /* CipherProAppApp.swift */; };
		CB11E4B429B5A43F0098F44D /* ContentView.swift in Sources */ = {isa = PBXBuildFile; fileRef = CB11E4B329B5A43F0098F44D /* ContentView.swift */; };
		CB11E4B629B5A4410098F44D /* Assets.xcassets in Resources */ = {isa = PBXBuildFile; fileRef = CB11E4B529B5A4410098F44D /* Assets.xcassets */; };
		CB11E4B929B5A4410098F44D /* Preview Assets.xcassets in Resources */ = {isa = PBXBuildFile; fileRef = CB11E4B829B5A4410098F44D /* Preview Assets.xcassets */; };
		CB11E4C029B5A4B60098F44D /* baseScreen.swift in Sources */ = {isa = PBXBuildFile; fileRef = CB11E4BF29B5A4B60098F44D /* baseScreen.swift */; };
		CB11E4C229B5A4D80098F44D /* listScreen.swift in Sources */ = {isa = PBXBuildFile; fileRef = CB11E4C129B5A4D80098F44D /* listScreen.swift */; };
		CB11E4C429B5A4F10098F44D /* ciphermakeScreen.swift in Sources */ = {isa = PBXBuildFile; fileRef = CB11E4C329B5A4F10098F44D /* ciphermakeScreen.swift */; };
/* End PBXBuildFile section */

/* Begin PBXFileReference section */
		CB11E4AE29B5A43F0098F44D /* CipherProApp.app */ = {isa = PBXFileReference; explicitFileType = wrapper.application; includeInIndex = 0; path = CipherProApp.app; sourceTree = BUILT_PRODUCTS_DIR; };
		CB11E4B129B5A43F0098F44D /* CipherProAppApp.swift */ = {isa = PBXFileReference; lastKnownFileType = sourcecode.swift; path = CipherProAppApp.swift; sourceTree = "<group>"; };
		CB11E4B329B5A43F0098F44D /* ContentView.swift */ = {isa = PBXFileReference; lastKnownFileType = sourcecode.swift; path = ContentView.swift; sourceTree = "<group>"; };
		CB11E4B529B5A4410098F44D /* Assets.xcassets */ = {isa = PBXFileReference; lastKnownFileType = folder.assetcatalog; path = Assets.xcassets; sourceTree = "<group>"; };
		CB11E4B829B5A4410098F44D /* Preview Assets.xcassets */ = {isa = PBXFileReference; lastKnownFileType = folder.assetcatalog; path = "Preview Assets.xcassets"; sourceTree = "<group>"; };
		CB11E4BF29B5A4B60098F44D /* baseScreen.swift */ = {isa = PBXFileReference; lastKnownFileType = sourcecode.swift; path = baseScreen.swift; sourceTree = "<group>"; };
		CB11E4C129B5A4D80098F44D /* listScreen.swift */ = {isa = PBXFileReference; lastKnownFileType = sourcecode.swift; path = listScreen.swift; sourceTree = "<group>"; };
		CB11E4C329B5A4F10098F44D /* ciphermakeScreen.swift */ = {isa = PBXFileReference; lastKnownFileType = sourcecode.swift; path = ciphermakeScreen.swift; sourceTree = "<group>"; };
/* End PBXFileReference section */

/* Begin PBXFrameworksBuildPhase section */
		CB11E4AB29B5A43F0098F44D /* Frameworks */ = {
			isa = PBXFrameworksBuildPhase;
			buildActionMask = 2147483647;
			files = (
			);
			runOnlyForDeploymentPostprocessing = 0;
		};
/* End PBXFrameworksBuildPhase section */

/* Begin PBXGroup section */
		CB11E4A529B5A43F0098F44D = {
			isa = PBXGroup;
			children = (
				CB11E4B029B5A43F0098F44D /* CipherProApp */,
				CB11E4AF29B5A43F0098F44D /* Products */,
			);
			sourceTree = "<group>";
		};
		CB11E4AF29B5A43F0098F44D /* Products */ = {
			isa = PBXGroup;
			children = (
				CB11E4AE29B5A43F0098F44D /* CipherProApp.app */,
			);
			name = Products;
			sourceTree = "<group>";
		};
		CB11E4B029B5A43F0098F44D /* CipherProApp */ = {
			isa = PBXGroup;
			children = (
				CB11E4B129B5A43F0098F44D /* CipherProAppApp.swift */,
				CB11E4B329B5A43F0098F44D /* ContentView.swift */,
				CB11E4BF29B5A4B60098F44D /* baseScreen.swift */,
				CB11E4C129B5A4D80098F44D /* listScreen.swift */,
				CB11E4C329B5A4F10098F44D /* ciphermakeScreen.swift */,
				CB11E4B529B5A4410098F44D /* Assets.xcassets */,
				CB11E4B729B5A4410098F44D /* Preview Content */,
			);
			path = CipherProApp;
			sourceTree = "<group>";
		};
		CB11E4B729B5A4410098F44D /* Preview Content */ = {
			isa = PBXGroup;
			children = (
				CB11E4B829B5A4410098F44D /* Preview Assets.xcassets */,
			);
			path = "Preview Content";
			sourceTree = "<group>";
		};
/* End PBXGroup section */

/* Begin PBXNativeTarget section */
		CB11E4AD29B5A43F0098F44D /* CipherProApp */ = {
			isa = PBXNativeTarget;
			buildConfigurationList = CB11E4BC29B5A4410098F44D /* Build configuration list for PBXNativeTarget "CipherProApp" */;
			buildPhases = (
				CB11E4AA29B5A43F0098F44D /* Sources */,
				CB11E4AB29B5A43F0098F44D /* Frameworks */,
				CB11E4AC29B5A43F0098F44D /* Resources */,
			);
			buildRules = (
			);
			dependencies = (
			);
			name = CipherProApp;
			productName = CipherProApp;
			productReference = CB11E4AE29B5A43F0098F44D /* CipherProApp.app */;
			productType = "com.apple.product-type.application";
		};
/* End PBXNativeTarget section */

/* Begin PBXProject section */
		CB11E4A629B5A43F0098F44D /* Project object */ = {
			isa = PBXProject;
			attributes = {
				BuildIndependentTargetsInParallel = 1;
				LastSwiftUpdateCheck = 1340;
				LastUpgradeCheck = 1340;
				TargetAttributes = {
					CB11E4AD29B5A43F0098F44D = {
						CreatedOnToolsVersion = 13.4.1;
					};
				};
			};
			buildConfigurationList = CB11E4A929B5A43F0098F44D /* Build configuration list for PBXProject "CipherProApp" */;
			compatibilityVersion = "Xcode 13.0";
			developmentRegion = en;
			hasScannedForEncodings = 0;
			knownRegions = (
				en,
				Base,
			);
			mainGroup = CB11E4A529B5A43F0098F44D;
			productRefGroup = CB11E4AF29B5A43F0098F44D /* Products */;
			projectDirPath = "";
			projectRoot = "";
			targets = (
				CB11E4AD29B5A43F0098F44D /* CipherProApp */,
			);
		};
/* End PBXProject section */

/* Begin PBXResourcesBuildPhase section */
		CB11E4AC29B5A43F0098F44D /* Resources */ = {
			isa = PBXResourcesBuildPhase;
			buildActionMask = 2147483647;
			files = (
				CB11E4B929B5A4410098F44D /* Preview Assets.xcassets in Resources */,
				CB11E4B629B5A4410098F44D /* Assets.xcassets in Resources */,
			);
			runOnlyForDeploymentPostprocessing = 0;
		};
/* End PBXResourcesBuildPhase section */

/* Begin PBXSourcesBuildPhase section */
		CB11E4AA29B5A43F0098F44D /* Sources */ = {
			isa = PBXSourcesBuildPhase;
			buildActionMask = 2147483647;
			files = (
				CB11E4C029B5A4B60098F44D /* baseScreen.swift in Sources */,
				CB11E4B429B5A43F0098F44D /* ContentView.swift in Sources */,
				CB11E4B229B5A43F0098F44D /* CipherProAppApp.swift in Sources */,
				CB11E4C229B5A4D80098F44D /* listScreen.swift in Sources */,
				CB11E4C429B5A4F10098F44D /* ciphermakeScreen.swift in Sources */,
			);
			runOnlyForDeploymentPostprocessing = 0;
		};
/* End PBXSourcesBuildPhase section */

/* Begin XCBuildConfiguration section */
		CB11E4BA29B5A4410098F44D /* Debug */ = {
			isa = XCBuildConfiguration;
			buildSettings = {
				ALWAYS_SEARCH_USER_PATHS = NO;
				CLANG_ANALYZER_NONNULL = YES;
				CLANG_ANALYZER_NUMBER_OBJECT_CONVERSION = YES_AGGRESSIVE;
				CLANG_CXX_LANGUAGE_STANDARD = "gnu++17";
				CLANG_ENABLE_MODULES = YES;
				CLANG_ENABLE_OBJC_ARC = YES;
				CLANG_ENABLE_OBJC_WEAK = YES;
				CLANG_WARN_BLOCK_CAPTURE_AUTORELEASING = YES;
				CLANG_WARN_BOOL_CONVERSION = YES;
				CLANG_WARN_COMMA = YES;
				CLANG_WARN_CONSTANT_CONVERSION = YES;
				CLANG_WARN_DEPRECATED_OBJC_IMPLEMENTATIONS = YES;
				CLANG_WARN_DIRECT_OBJC_ISA_USAGE = YES_ERROR;
				CLANG_WARN_DOCUMENTATION_COMMENTS = YES;
				CLANG_WARN_EMPTY_BODY = YES;
				CLANG_WARN_ENUM_CONVERSION = YES;
				CLANG_WARN_INFINITE_RECURSION = YES;
				CLANG_WARN_INT_CONVERSION = YES;
				CLANG_WARN_NON_LITERAL_NULL_CONVERSION = YES;
				CLANG_WARN_OBJC_IMPLICIT_RETAIN_SELF = YES;
				CLANG_WARN_OBJC_LITERAL_CONVERSION = YES;
				CLANG_WARN_OBJC_ROOT_CLASS = YES_ERROR;
				CLANG_WARN_QUOTED_INCLUDE_IN_FRAMEWORK_HEADER = YES;
				CLANG_WARN_RANGE_LOOP_ANALYSIS = YES;
				CLANG_WARN_STRICT_PROTOTYPES = YES;
				CLANG_WARN_SUSPICIOUS_MOVE = YES;
				CLANG_WARN_UNGUARDED_AVAILABILITY = YES_AGGRESSIVE;
				CLANG_WARN_UNREACHABLE_CODE = YES;
				CLANG_WARN__DUPLICATE_METHOD_MATCH = YES;
				COPY_PHASE_STRIP = NO;
				DEBUG_INFORMATION_FORMAT = dwarf;
				ENABLE_STRICT_OBJC_MSGSEND = YES;
				ENABLE_TESTABILITY = YES;
				GCC_C_LANGUAGE_STANDARD = gnu11;
				GCC_DYNAMIC_NO_PIC = NO;
				GCC_NO_COMMON_BLOCKS = YES;
				GCC_OPTIMIZATION_LEVEL = 0;
				GCC_PREPROCESSOR_DEFINITIONS = (
					"DEBUG=1",
					"$(inherited)",
				);
				GCC_WARN_64_TO_32_BIT_CONVERSION = YES;
				GCC_WARN_ABOUT_RETURN_TYPE = YES_ERROR;
				GCC_WARN_UNDECLARED_SELECTOR = YES;
				GCC_WARN_UNINITIALIZED_AUTOS = YES_AGGRESSIVE;
				GCC_WARN_UNUSED_FUNCTION = YES;
				GCC_WARN_UNUSED_VARIABLE = YES;
				IPHONEOS_DEPLOYMENT_TARGET = 15.5;
				MTL_ENABLE_DEBUG_INFO = INCLUDE_SOURCE;
				MTL_FAST_MATH = YES;
				ONLY_ACTIVE_ARCH = YES;
				SDKROOT = iphoneos;
				SWIFT_ACTIVE_COMPILATION_CONDITIONS = DEBUG;
				SWIFT_OPTIMIZATION_LEVEL = "-Onone";
			};
			name = Debug;
		};
		CB11E4BB29B5A4410098F44D /* Release */ = {
			isa = XCBuildConfiguration;
			buildSettings = {
				ALWAYS_SEARCH_USER_PATHS = NO;
				CLANG_ANALYZER_NONNULL = YES;
				CLANG_ANALYZER_NUMBER_OBJECT_CONVERSION = YES_AGGRESSIVE;
				CLANG_CXX_LANGUAGE_STANDARD = "gnu++17";
				CLANG_ENABLE_MODULES = YES;
				CLANG_ENABLE_OBJC_ARC = YES;
				CLANG_ENABLE_OBJC_WEAK = YES;
				CLANG_WARN_BLOCK_CAPTURE_AUTORELEASING = YES;
				CLANG_WARN_BOOL_CONVERSION = YES;
				CLANG_WARN_COMMA = YES;
				CLANG_WARN_CONSTANT_CONVERSION = YES;
				CLANG_WARN_DEPRECATED_OBJC_IMPLEMENTATIONS = YES;
				CLANG_WARN_DIRECT_OBJC_ISA_USAGE = YES_ERROR;
				CLANG_WARN_DOCUMENTATION_COMMENTS = YES;
				CLANG_WARN_EMPTY_BODY = YES;
				CLANG_WARN_ENUM_CONVERSION = YES;
				CLANG_WARN_INFINITE_RECURSION = YES;
				CLANG_WARN_INT_CONVERSION = YES;
				CLANG_WARN_NON_LITERAL_NULL_CONVERSION = YES;
				CLANG_WARN_OBJC_IMPLICIT_RETAIN_SELF = YES;
				CLANG_WARN_OBJC_LITERAL_CONVERSION = YES;
				CLANG_WARN_OBJC_ROOT_CLASS = YES_ERROR;
				CLANG_WARN_QUOTED_INCLUDE_IN_FRAMEWORK_HEADER = YES;
				CLANG_WARN_RANGE_LOOP_ANALYSIS = YES;
				CLANG_WARN_STRICT_PROTOTYPES = YES;
				CLANG_WARN_SUSPICIOUS_MOVE = YES;
				CLANG_WARN_UNGUARDED_AVAILABILITY = YES_AGGRESSIVE;
				CLANG_WARN_UNREACHABLE_CODE = YES;
				CLANG_WARN__DUPLICATE_METHOD_MATCH = YES;
				COPY_PHASE_STRIP = NO;
				DEBUG_INFORMATION_FORMAT = "dwarf-with-dsym";
				ENABLE_NS_ASSERTIONS = NO;
				ENABLE_STRICT_OBJC_MSGSEND = YES;
				GCC_C_LANGUAGE_STANDARD = gnu11;
				GCC_NO_COMMON_BLOCKS = YES;
				GCC_WARN_64_TO_32_BIT_CONVERSION = YES;
				GCC_WARN_ABOUT_RETURN_TYPE = YES_ERROR;
				GCC_WARN_UNDECLARED_SELECTOR = YES;
				GCC_WARN_UNINITIALIZED_AUTOS = YES_AGGRESSIVE;
				GCC_WARN_UNUSED_FUNCTION = YES;
				GCC_WARN_UNUSED_VARIABLE = YES;
				IPHONEOS_DEPLOYMENT_TARGET = 15.5;
				MTL_ENABLE_DEBUG_INFO = NO;
				MTL_FAST_MATH = YES;
				SDKROOT = iphoneos;
				SWIFT_COMPILATION_MODE = wholemodule;
				SWIFT_OPTIMIZATION_LEVEL = "-O";
				VALIDATE_PRODUCT = YES;
			};
			name = Release;
		};
		CB11E4BD29B5A4410098F44D /* Debug */ = {
			isa = XCBuildConfiguration;
			buildSettings = {
				ASSETCATALOG_COMPILER_APPICON_NAME = AppIcon;
				ASSETCATALOG_COMPILER_GLOBAL_ACCENT_COLOR_NAME = AccentColor;
				CODE_SIGN_STYLE = Automatic;
				CURRENT_PROJECT_VERSION = 1;
				DEVELOPMENT_ASSET_PATHS = "\"CipherProApp/Preview Content\"";
				ENABLE_PREVIEWS = YES;
				GENERATE_INFOPLIST_FILE = YES;
				INFOPLIST_KEY_UIApplicationSceneManifest_Generation = YES;
				INFOPLIST_KEY_UIApplicationSupportsIndirectInputEvents = YES;
				INFOPLIST_KEY_UILaunchScreen_Generation = YES;
				INFOPLIST_KEY_UISupportedInterfaceOrientations_iPad = "UIInterfaceOrientationPortrait UIInterfaceOrientationPortraitUpsideDown UIInterfaceOrientationLandscapeLeft UIInterfaceOrientationLandscapeRight";
				INFOPLIST_KEY_UISupportedInterfaceOrientations_iPhone = "UIInterfaceOrientationPortrait UIInterfaceOrientationLandscapeLeft UIInterfaceOrientationLandscapeRight";
				LD_RUNPATH_SEARCH_PATHS = (
					"$(inherited)",
					"@executable_path/Frameworks",
				);
				MARKETING_VERSION = 1.0;
				PRODUCT_BUNDLE_IDENTIFIER = com.au.macarthur.CipherProApp;
				PRODUCT_NAME = "$(TARGET_NAME)";
				SWIFT_EMIT_LOC_STRINGS = YES;
				SWIFT_VERSION = 5.0;
				TARGETED_DEVICE_FAMILY = "1,2";
			};
			name = Debug;
		};
		CB11E4BE29B5A4410098F44D /* Release */ = {
			isa = XCBuildConfiguration;
			buildSettings = {
				ASSETCATALOG_COMPILER_APPICON_NAME = AppIcon;
				ASSETCATALOG_COMPILER_GLOBAL_ACCENT_COLOR_NAME = AccentColor;
				CODE_SIGN_STYLE = Automatic;
				CURRENT_PROJECT_VERSION = 1;
				DEVELOPMENT_ASSET_PATHS = "\"CipherProApp/Preview Content\"";
				ENABLE_PREVIEWS = YES;
				GENERATE_INFOPLIST_FILE = YES;
				INFOPLIST_KEY_UIApplicationSceneManifest_Generation = YES;
				INFOPLIST_KEY_UIApplicationSupportsIndirectInputEvents = YES;
				INFOPLIST_KEY_UILaunchScreen_Generation = YES;
				INFOPLIST_KEY_UISupportedInterfaceOrientations_iPad = "UIInterfaceOrientationPortrait UIInterfaceOrientationPortraitUpsideDown UIInterfaceOrientationLandscapeLeft UIInterfaceOrientationLandscapeRight";
				INFOPLIST_KEY_UISupportedInterfaceOrientations_iPhone = "UIInterfaceOrientationPortrait UIInterfaceOrientationLandscapeLeft UIInterfaceOrientationLandscapeRight";
				LD_RUNPATH_SEARCH_PATHS = (
					"$(inherited)",
					"@executable_path/Frameworks",
				);
				MARKETING_VERSION = 1.0;
				PRODUCT_BUNDLE_IDENTIFIER = com.au.macarthur.CipherProApp;
				PRODUCT_NAME = "$(TARGET_NAME)";
				SWIFT_EMIT_LOC_STRINGS = YES;
				SWIFT_VERSION = 5.0;
				TARGETED_DEVICE_FAMILY = "1,2";
			};
			name = Release;
		};
/* End XCBuildConfiguration section */

/* Begin XCConfigurationList section */
		CB11E4A929B5A43F0098F44D /* Build configuration list for PBXProject "CipherProApp" */ = {
			isa = XCConfigurationList;
			buildConfigurations = (
				CB11E4BA29B5A4410098F44D /* Debug */,
				CB11E4BB29B5A4410098F44D /* Release */,
			);
			defaultConfigurationIsVisible = 0;
			defaultConfigurationName = Release;
		};
		CB11E4BC29B5A4410098F44D /* Build configuration list for PBXNativeTarget "CipherProApp" */ = {
			isa = XCConfigurationList;
			buildConfigurations = (
				CB11E4BD29B5A4410098F44D /* Debug */,
				CB11E4BE29B5A4410098F44D /* Release */,
			);
			defaultConfigurationIsVisible = 0;
			defaultConfigurationName = Release;
		};
/* End XCConfigurationList section */
	};
	rootObject = CB11E4A629B5A43F0098F44D /* Project object */;
}
